
Microsoft Visual Studio Solution File, Format Version 12.00
# Visual Studio 15
VisualStudioVersion = 15.0.28306.52
MinimumVisualStudioVersion = 10.0.40219.1
Project("{FAE04EC0-301F-11D3-BF4B-00C04F79EFBC}") = "09Calculate", "09Calculate\09Calculate.csproj", "{2EFBD948-D143-44A2-939A-E4704EC74ADD}"
EndProject
Global
	GlobalSection(SolutionConfigurationPlatforms) = preSolution
		Debug|Any CPU = Debug|Any CPU
		Release|Any CPU = Release|Any CPU
	EndGlobalSection
	GlobalSection(ProjectConfigurationPlatforms) = postSolution
		{2EFBD948-D143-44A2-939A-E4704EC74ADD}.Debug|Any CPU.ActiveCfg = Debug|Any CPU
		{2EFBD948-D143-44A2-939A-E4704EC74ADD}.Debug|Any CPU.Build.0 = Debug|Any CPU
		{2EFBD948-D143-44A2-939A-E4704EC74ADD}.Release|Any CPU.ActiveCfg = Release|Any CPU
		{2EFBD948-D143-44A2-939A-E4704EC74ADD}.Release|Any CPU.Build.0 = Release|Any CPU
	EndGlobalSection
	GlobalSection(SolutionProperties) = preSolution
		HideSolutionNode = FALSE
	EndGlobalSection
	GlobalSection(ExtensibilityGlobals) = postSolution
		SolutionGuid = {466851D3-0D60-4922-9877-DBE42815D12A}
	EndGlobalSection
EndGlobal
