
Microsoft Visual Studio Solution File, Format Version 12.00
# Visual Studio 15
VisualStudioVersion = 15.0.28306.52
MinimumVisualStudioVersion = 10.0.40219.1
Project("{FAE04EC0-301F-11D3-BF4B-00C04F79EFBC}") = "23Constant", "23Constant\23Constant.csproj", "{2C97F4DE-504F-49F4-A6A8-E22AED1B90F9}"
EndProject
Global
	GlobalSection(SolutionConfigurationPlatforms) = preSolution
		Debug|Any CPU = Debug|Any CPU
		Release|Any CPU = Release|Any CPU
	EndGlobalSection
	GlobalSection(ProjectConfigurationPlatforms) = postSolution
		{2C97F4DE-504F-49F4-A6A8-E22AED1B90F9}.Debug|Any CPU.ActiveCfg = Debug|Any CPU
		{2C97F4DE-504F-49F4-A6A8-E22AED1B90F9}.Debug|Any CPU.Build.0 = Debug|Any CPU
		{2C97F4DE-504F-49F4-A6A8-E22AED1B90F9}.Release|Any CPU.ActiveCfg = Release|Any CPU
		{2C97F4DE-504F-49F4-A6A8-E22AED1B90F9}.Release|Any CPU.Build.0 = Release|Any CPU
	EndGlobalSection
	GlobalSection(SolutionProperties) = preSolution
		HideSolutionNode = FALSE
	EndGlobalSection
	GlobalSection(ExtensibilityGlobals) = postSolution
		SolutionGuid = {7C5D0CBE-94C2-451F-B9ED-7C663E50B264}
	EndGlobalSection
EndGlobal
