
Microsoft Visual Studio Solution File, Format Version 12.00
# Visual Studio 15
VisualStudioVersion = 15.0.28306.52
MinimumVisualStudioVersion = 10.0.40219.1
Project("{FAE04EC0-301F-11D3-BF4B-00C04F79EFBC}") = "05Loop", "05Loop\05Loop.csproj", "{98968DC8-F902-4295-B9FC-12D2EC6FA8C0}"
EndProject
Global
	GlobalSection(SolutionConfigurationPlatforms) = preSolution
		Debug|Any CPU = Debug|Any CPU
		Release|Any CPU = Release|Any CPU
	EndGlobalSection
	GlobalSection(ProjectConfigurationPlatforms) = postSolution
		{98968DC8-F902-4295-B9FC-12D2EC6FA8C0}.Debug|Any CPU.ActiveCfg = Debug|Any CPU
		{98968DC8-F902-4295-B9FC-12D2EC6FA8C0}.Debug|Any CPU.Build.0 = Debug|Any CPU
		{98968DC8-F902-4295-B9FC-12D2EC6FA8C0}.Release|Any CPU.ActiveCfg = Release|Any CPU
		{98968DC8-F902-4295-B9FC-12D2EC6FA8C0}.Release|Any CPU.Build.0 = Release|Any CPU
	EndGlobalSection
	GlobalSection(SolutionProperties) = preSolution
		HideSolutionNode = FALSE
	EndGlobalSection
	GlobalSection(ExtensibilityGlobals) = postSolution
		SolutionGuid = {B59280B1-34F0-477B-850F-6A7896B4C338}
	EndGlobalSection
EndGlobal
