
Microsoft Visual Studio Solution File, Format Version 12.00
# Visual Studio 15
VisualStudioVersion = 15.0.28306.52
MinimumVisualStudioVersion = 10.0.40219.1
Project("{FAE04EC0-301F-11D3-BF4B-00C04F79EFBC}") = "06class", "06class\06class.csproj", "{A7842A04-F18D-4242-93A1-479DD4C14F09}"
EndProject
Global
	GlobalSection(SolutionConfigurationPlatforms) = preSolution
		Debug|Any CPU = Debug|Any CPU
		Release|Any CPU = Release|Any CPU
	EndGlobalSection
	GlobalSection(ProjectConfigurationPlatforms) = postSolution
		{A7842A04-F18D-4242-93A1-479DD4C14F09}.Debug|Any CPU.ActiveCfg = Debug|Any CPU
		{A7842A04-F18D-4242-93A1-479DD4C14F09}.Debug|Any CPU.Build.0 = Debug|Any CPU
		{A7842A04-F18D-4242-93A1-479DD4C14F09}.Release|Any CPU.ActiveCfg = Release|Any CPU
		{A7842A04-F18D-4242-93A1-479DD4C14F09}.Release|Any CPU.Build.0 = Release|Any CPU
	EndGlobalSection
	GlobalSection(SolutionProperties) = preSolution
		HideSolutionNode = FALSE
	EndGlobalSection
	GlobalSection(ExtensibilityGlobals) = postSolution
		SolutionGuid = {7287B2C9-A219-44C4-9D59-85CD13FCE1D8}
	EndGlobalSection
EndGlobal
