
Microsoft Visual Studio Solution File, Format Version 12.00
# Visual Studio 15
VisualStudioVersion = 15.0.28306.52
MinimumVisualStudioVersion = 10.0.40219.1
Project("{FAE04EC0-301F-11D3-BF4B-00C04F79EFBC}") = "07Array", "07Array\07Array.csproj", "{BC7E82D5-4B1C-47F8-AA2D-258AD6B99881}"
EndProject
Global
	GlobalSection(SolutionConfigurationPlatforms) = preSolution
		Debug|Any CPU = Debug|Any CPU
		Release|Any CPU = Release|Any CPU
	EndGlobalSection
	GlobalSection(ProjectConfigurationPlatforms) = postSolution
		{BC7E82D5-4B1C-47F8-AA2D-258AD6B99881}.Debug|Any CPU.ActiveCfg = Debug|Any CPU
		{BC7E82D5-4B1C-47F8-AA2D-258AD6B99881}.Debug|Any CPU.Build.0 = Debug|Any CPU
		{BC7E82D5-4B1C-47F8-AA2D-258AD6B99881}.Release|Any CPU.ActiveCfg = Release|Any CPU
		{BC7E82D5-4B1C-47F8-AA2D-258AD6B99881}.Release|Any CPU.Build.0 = Release|Any CPU
	EndGlobalSection
	GlobalSection(SolutionProperties) = preSolution
		HideSolutionNode = FALSE
	EndGlobalSection
	GlobalSection(ExtensibilityGlobals) = postSolution
		SolutionGuid = {56B1E09C-CC85-4B8F-9D3E-89261A2EB037}
	EndGlobalSection
EndGlobal
