
Microsoft Visual Studio Solution File, Format Version 12.00
# Visual Studio 15
VisualStudioVersion = 15.0.28306.52
MinimumVisualStudioVersion = 10.0.40219.1
Project("{FAE04EC0-301F-11D3-BF4B-00C04F79EFBC}") = "16Inheritance", "16Inheritance\16Inheritance.csproj", "{AA7DD3B6-6E9D-4D1C-9ACA-D5677ED91FD5}"
EndProject
Global
	GlobalSection(SolutionConfigurationPlatforms) = preSolution
		Debug|Any CPU = Debug|Any CPU
		Release|Any CPU = Release|Any CPU
	EndGlobalSection
	GlobalSection(ProjectConfigurationPlatforms) = postSolution
		{AA7DD3B6-6E9D-4D1C-9ACA-D5677ED91FD5}.Debug|Any CPU.ActiveCfg = Debug|Any CPU
		{AA7DD3B6-6E9D-4D1C-9ACA-D5677ED91FD5}.Debug|Any CPU.Build.0 = Debug|Any CPU
		{AA7DD3B6-6E9D-4D1C-9ACA-D5677ED91FD5}.Release|Any CPU.ActiveCfg = Release|Any CPU
		{AA7DD3B6-6E9D-4D1C-9ACA-D5677ED91FD5}.Release|Any CPU.Build.0 = Release|Any CPU
	EndGlobalSection
	GlobalSection(SolutionProperties) = preSolution
		HideSolutionNode = FALSE
	EndGlobalSection
	GlobalSection(ExtensibilityGlobals) = postSolution
		SolutionGuid = {D8820534-F14F-47E1-A649-7C7726535089}
	EndGlobalSection
EndGlobal
